
Microsoft Visual Studio Solution File, Format Version 12.00
# Visual Studio Version 16
VisualStudioVersion = 16.0.28803.514
MinimumVisualStudioVersion = 10.0.40219.1
Project("{FAE04EC0-301F-11D3-BF4B-00C04F79EFBC}") = "WpfApp1", "WpfApp1\WpfApp1.csproj", "{5F492329-00CD-44AB-9B1A-3D0B3C6A860F}"
EndProject
Global
	GlobalSection(SolutionConfigurationPlatforms) = preSolution
		Debug|Any CPU = Debug|Any CPU
		Release|Any CPU = Release|Any CPU
	EndGlobalSection
	GlobalSection(ProjectConfigurationPlatforms) = postSolution
		{5F492329-00CD-44AB-9B1A-3D0B3C6A860F}.Debug|Any CPU.ActiveCfg = Debug|Any CPU
		{5F492329-00CD-44AB-9B1A-3D0B3C6A860F}.Debug|Any CPU.Build.0 = Debug|Any CPU
		{5F492329-00CD-44AB-9B1A-3D0B3C6A860F}.Release|Any CPU.ActiveCfg = Release|Any CPU
		{5F492329-00CD-44AB-9B1A-3D0B3C6A860F}.Release|Any CPU.Build.0 = Release|Any CPU
	EndGlobalSection
	GlobalSection(SolutionProperties) = preSolution
		HideSolutionNode = FALSE
	EndGlobalSection
	GlobalSection(ExtensibilityGlobals) = postSolution
		SolutionGuid = {346ADE78-314C-4EDF-8008-839501C52517}
	EndGlobalSection
EndGlobal
